
Microsoft Visual Studio Solution File, Format Version 12.00
# Visual Studio Version 17
VisualStudioVersion = 17.5.33516.290
MinimumVisualStudioVersion = 10.0.40219.1
Project("{FAE04EC0-301F-11D3-BF4B-00C04F79EFBC}") = "MagicVilla_Api", "MagicVilla_Api\MagicVilla_Api.csproj", "{BA04CA51-CB29-4B7F-988F-9EC1B0978ABB}"
EndProject
Global
	GlobalSection(SolutionConfigurationPlatforms) = preSolution
		Debug|Any CPU = Debug|Any CPU
		Release|Any CPU = Release|Any CPU
	EndGlobalSection
	GlobalSection(ProjectConfigurationPlatforms) = postSolution
		{BA04CA51-CB29-4B7F-988F-9EC1B0978ABB}.Debug|Any CPU.ActiveCfg = Debug|Any CPU
		{BA04CA51-CB29-4B7F-988F-9EC1B0978ABB}.Debug|Any CPU.Build.0 = Debug|Any CPU
		{BA04CA51-CB29-4B7F-988F-9EC1B0978ABB}.Release|Any CPU.ActiveCfg = Release|Any CPU
		{BA04CA51-CB29-4B7F-988F-9EC1B0978ABB}.Release|Any CPU.Build.0 = Release|Any CPU
	EndGlobalSection
	GlobalSection(SolutionProperties) = preSolution
		HideSolutionNode = FALSE
	EndGlobalSection
	GlobalSection(ExtensibilityGlobals) = postSolution
		SolutionGuid = {4E8F8378-31D7-404D-AFD4-D5EF2C6CB1D5}
	EndGlobalSection
EndGlobal
